# This file is generated by running "yarn install" inside your project.
# Manual changes might be lost - proceed with caution!

__metadata:
  version: 6
  cacheKey: 8

"@babel/code-frame@npm:^7.10.4":
  version: 7.18.6
  resolution: "@babel/code-frame@npm:7.18.6"
  dependencies:
    "@babel/highlight": ^7.18.6
  checksum: 195e2be3172d7684bf95cff69ae3b7a15a9841ea9d27d3c843662d50cdd7d6470fd9c8e64be84d031117e4a4083486effba39f9aef6bbb2c89f7f21bcfba33ba
  languageName: node
  linkType: hard

"@babel/helper-validator-identifier@npm:^7.18.6":
  version: 7.19.1
  resolution: "@babel/helper-validator-identifier@npm:7.19.1"
  checksum: 0eca5e86a729162af569b46c6c41a63e18b43dbe09fda1d2a3c8924f7d617116af39cac5e4cd5d431bb760b4dca3c0970e0c444789b1db42bcf1fa41fbad0a3a
  languageName: node
  linkType: hard

"@babel/highlight@npm:^7.18.6":
  version: 7.18.6
  resolution: "@babel/highlight@npm:7.18.6"
  dependencies:
    "@babel/helper-validator-identifier": ^7.18.6
    chalk: ^2.0.0
    js-tokens: ^4.0.0
  checksum: 92d8ee61549de5ff5120e945e774728e5ccd57fd3b2ed6eace020ec744823d4a98e242be1453d21764a30a14769ecd62170fba28539b211799bbaf232bbb2789
  languageName: node
  linkType: hard

"@babel/runtime@npm:^7.12.1, @babel/runtime@npm:^7.12.5, @babel/runtime@npm:^7.9.2":
  version: 7.20.13
  resolution: "@babel/runtime@npm:7.20.13"
  dependencies:
    regenerator-runtime: ^0.13.11
  checksum: 09b7a97a05c80540db6c9e4ddf8c5d2ebb06cae5caf3a87e33c33f27f8c4d49d9c67a2d72f1570e796045288fad569f98a26ceba0c4f5fad2af84b6ad855c4fb
  languageName: node
  linkType: hard

"@bundled-es-modules/cookie@npm:^2.0.0":
  version: 2.0.0
  resolution: "@bundled-es-modules/cookie@npm:2.0.0"
  dependencies:
    cookie: ^0.5.0
  checksum: 53114eabbedda20ba6c63f45dcea35c568616d22adf5d1882cef9761f65ae636bf47e0c66325572cc8e3a335e0257caf5f76ff1287990d9e9265be7bc9767a87
  languageName: node
  linkType: hard

"@bundled-es-modules/statuses@npm:^1.0.1":
  version: 1.0.1
  resolution: "@bundled-es-modules/statuses@npm:1.0.1"
  dependencies:
    statuses: ^2.0.1
  checksum: bcaa7de192e73056950b5fd20e75140d8d09074b1adc4437924b2051bb02b4dbf568c96e67d53b220fb7d735c3446e2ba746599cb1793ab2d23dd2ef230a8622
  languageName: node
  linkType: hard

"@bundled-es-modules/tough-cookie@npm:^0.1.6":
  version: 0.1.6
  resolution: "@bundled-es-modules/tough-cookie@npm:0.1.6"
  dependencies:
    "@types/tough-cookie": ^4.0.5
    tough-cookie: ^4.1.4
  checksum: e31c1262cbc044373e757117b1b152acc86ba5d088124153b3d1ae83e0de0a2b4d2362758cec3e1a49cf15c39a4447587cc2672e4f5a961754c91ef9ca3221e1
  languageName: node
  linkType: hard

"@inquirer/confirm@npm:^3.0.0":
  version: 3.2.0
  resolution: "@inquirer/confirm@npm:3.2.0"
  dependencies:
    "@inquirer/core": ^9.1.0
    "@inquirer/type": ^1.5.3
  checksum: 6b032a26c64075dc14769558720b17f09bc6784a223bbf2c85ec42e491be6ce4c4b83518433c47e05d7e8836ba680ab1b2f6b9c553410d4326582308a1fd2259
  languageName: node
  linkType: hard

"@inquirer/core@npm:^9.1.0":
  version: 9.2.1
  resolution: "@inquirer/core@npm:9.2.1"
  dependencies:
    "@inquirer/figures": ^1.0.6
    "@inquirer/type": ^2.0.0
    "@types/mute-stream": ^0.0.4
    "@types/node": ^22.5.5
    "@types/wrap-ansi": ^3.0.0
    ansi-escapes: ^4.3.2
    cli-width: ^4.1.0
    mute-stream: ^1.0.0
    signal-exit: ^4.1.0
    strip-ansi: ^6.0.1
    wrap-ansi: ^6.2.0
    yoctocolors-cjs: ^2.1.2
  checksum: 681339aac03b6998e7fee1c5a0a15951e9268b7be20fd7532f180b408893f9e7203020a57d40dc78352d281f19b66222df83c68f73a125f6e1beadfa0df3920c
  languageName: node
  linkType: hard

"@inquirer/figures@npm:^1.0.6":
  version: 1.0.6
  resolution: "@inquirer/figures@npm:1.0.6"
  checksum: dd5d53834d1a2b214b98e28c6acf512fca208dc9ffccb1f54f15c87a90ac503aa544b64dd9c899f5bbc3d6f9f300bc7b659bb0d69b728007f9ca091e7c414f2d
  languageName: node
  linkType: hard

"@inquirer/type@npm:^1.5.3":
  version: 1.5.5
  resolution: "@inquirer/type@npm:1.5.5"
  dependencies:
    mute-stream: ^1.0.0
  checksum: 6cada82bb14519f3c71f455b08dc03c1064046fe0469aa5fce44c7ebf88a3a3d67a0cf852b0a7339476fec3b02874167f46d2c5b0964218d00273ab27ff861c5
  languageName: node
  linkType: hard

"@inquirer/type@npm:^2.0.0":
  version: 2.0.0
  resolution: "@inquirer/type@npm:2.0.0"
  dependencies:
    mute-stream: ^1.0.0
  checksum: 0f78f84c182ef3879109a651c7b4afdc7480bc5365948cbdad7e0aa5b9713ef052761b6914b8c76c3ffeef5a8f61ef1d6d44c6c3914800e17506ecb1a8e99844
  languageName: node
  linkType: hard

"@mswjs/interceptors@npm:^0.35.6":
  version: 0.35.6
  resolution: "@mswjs/interceptors@npm:0.35.6"
  dependencies:
    "@open-draft/deferred-promise": ^2.2.0
    "@open-draft/logger": ^0.3.0
    "@open-draft/until": ^2.0.0
    is-node-process: ^1.2.0
    outvariant: ^1.4.3
    strict-event-emitter: ^0.5.1
  checksum: aee024149ae5f034d628e8685a4e12ab4eca6706a5d1ba459987fcc7994f93c3598cf21099352a776657b92cbb410eab0d3231f3ab2317056c6a399e0dd3f118
  languageName: node
  linkType: hard

"@open-draft/deferred-promise@npm:^2.2.0":
  version: 2.2.0
  resolution: "@open-draft/deferred-promise@npm:2.2.0"
  checksum: 7f29d39725bb8ab5b62f89d88a4202ce2439ac740860979f9e3d0015dfe4bc3daddcfa5727fa4eed482fdbee770aa591b1136b98b0a0f0569a65294f35bdf56a
  languageName: node
  linkType: hard

"@open-draft/logger@npm:^0.3.0":
  version: 0.3.0
  resolution: "@open-draft/logger@npm:0.3.0"
  dependencies:
    is-node-process: ^1.2.0
    outvariant: ^1.4.0
  checksum: 7adfe3d0ed8ca32333ce2a77f9a93d561ebc89c989eaa9722f1dc8a2d2854f5de1bef6fa6894cdf58e16fa4dd9cfa99444ea1f5cac6eb1518e9247911ed042d5
  languageName: node
  linkType: hard

"@open-draft/until@npm:^2.0.0, @open-draft/until@npm:^2.1.0":
  version: 2.1.0
  resolution: "@open-draft/until@npm:2.1.0"
  checksum: 140ea3b16f4a3a6a729c1256050e20a93d408d7aa1e125648ce2665b3c526ed452510c6e4a6f4b15d95fb5e41203fb51510eb8fbc8812d5e5a91880293d66471
  languageName: node
  linkType: hard

"@reduxjs/toolkit@npm:^1.9.0":
  version: 1.9.2
  resolution: "@reduxjs/toolkit@npm:1.9.2"
  dependencies:
    immer: ^9.0.16
    redux: ^4.2.0
    redux-thunk: ^2.4.2
    reselect: ^4.1.7
  peerDependencies:
    react: ^16.9.0 || ^17.0.0 || ^18
    react-redux: ^7.2.1 || ^8.0.2
  peerDependenciesMeta:
    react:
      optional: true
    react-redux:
      optional: true
  checksum: 8eac4fb65aa5ef969545e4d72a81c5a7679935d08df8cc4dd955362beb0b0b8d3cb1e2252df256a50bbe0c887b797a0e2e271656d6b50cbec5d26f61da3a80d4
  languageName: node
  linkType: hard

"@testing-library/dom@npm:^8.5.0":
  version: 8.20.0
  resolution: "@testing-library/dom@npm:8.20.0"
  dependencies:
    "@babel/code-frame": ^7.10.4
    "@babel/runtime": ^7.12.5
    "@types/aria-query": ^5.0.1
    aria-query: ^5.0.0
    chalk: ^4.1.0
    dom-accessibility-api: ^0.5.9
    lz-string: ^1.4.4
    pretty-format: ^27.0.2
  checksum: 1e599129a2fe91959ce80900a0a4897232b89e2a8e22c1f5950c36d39c97629ea86b4986b60b173b5525a05de33fde1e35836ea597b03de78cc51b122835c6f0
  languageName: node
  linkType: hard

"@testing-library/react@npm:^13.4.0":
  version: 13.4.0
  resolution: "@testing-library/react@npm:13.4.0"
  dependencies:
    "@babel/runtime": ^7.12.5
    "@testing-library/dom": ^8.5.0
    "@types/react-dom": ^18.0.0
  peerDependencies:
    react: ^18.0.0
    react-dom: ^18.0.0
  checksum: 51ec548c1fdb1271089a5c63e0908f0166f2c7fcd9cacd3108ebbe0ce64cb4351812d885892020dc37608418cfb15698514856502b3cab0e5cc58d6cc1bd4a3e
  languageName: node
  linkType: hard

"@types/aria-query@npm:^5.0.1":
  version: 5.0.1
  resolution: "@types/aria-query@npm:5.0.1"
  checksum: 69fd7cceb6113ed370591aef04b3fd0742e9a1b06dd045c43531448847b85de181495e4566f98e776b37c422a12fd71866e0a1dfd904c5ec3f84d271682901de
  languageName: node
  linkType: hard

"@types/cookie@npm:^0.6.0":
  version: 0.6.0
  resolution: "@types/cookie@npm:0.6.0"
  checksum: 5edce7995775b0b196b142883e4d4f71fd93c294eaec973670f1fa2540b70ea7390408ed513ddefef5fcb12a578100c76596e8f2a714b0c2ae9f70ee773f4510
  languageName: node
  linkType: hard

"@types/hoist-non-react-statics@npm:^3.3.1":
  version: 3.3.1
  resolution: "@types/hoist-non-react-statics@npm:3.3.1"
  dependencies:
    "@types/react": "*"
    hoist-non-react-statics: ^3.3.0
  checksum: 2c0778570d9a01d05afabc781b32163f28409bb98f7245c38d5eaf082416fdb73034003f5825eb5e21313044e8d2d9e1f3fe2831e345d3d1b1d20bcd12270719
  languageName: node
  linkType: hard

"@types/mute-stream@npm:^0.0.4":
  version: 0.0.4
  resolution: "@types/mute-stream@npm:0.0.4"
  dependencies:
    "@types/node": "*"
  checksum: af8d83ad7b68ea05d9357985daf81b6c9b73af4feacb2f5c2693c7fd3e13e5135ef1bd083ce8d5bdc8e97acd28563b61bb32dec4e4508a8067fcd31b8a098632
  languageName: node
  linkType: hard

"@types/node@npm:*":
  version: 18.13.0
  resolution: "@types/node@npm:18.13.0"
  checksum: 4ea10f8802848b01672bce938f678b6774ca2cee0c9774f12275ab064ae07818419c3e2e41d6257ce7ba846d1ea26c63214aa1dfa4166fa3746291752b8c6416
  languageName: node
  linkType: hard

"@types/node@npm:^22.5.5":
  version: 22.5.5
  resolution: "@types/node@npm:22.5.5"
  dependencies:
    undici-types: ~6.19.2
  checksum: 1f788966ff7df07add0af3481fb68c7fe5091cc72a265c671432abb443788ddacca4ca6378af64fe100c20f857c4d80170d358e66c070171fcea0d4adb1b45b1
  languageName: node
  linkType: hard

"@types/prop-types@npm:*":
  version: 15.7.5
  resolution: "@types/prop-types@npm:15.7.5"
  checksum: 5b43b8b15415e1f298243165f1d44390403bb2bd42e662bca3b5b5633fdd39c938e91b7fce3a9483699db0f7a715d08cef220c121f723a634972fdf596aec980
  languageName: node
  linkType: hard

"@types/react-dom@npm:^18.0.0":
  version: 18.0.10
  resolution: "@types/react-dom@npm:18.0.10"
  dependencies:
    "@types/react": "*"
  checksum: ff8282d5005a0b1cd95fb65bf79d3d8485e4cfe2aaf052129033a178684b940014a3f4536bc20d573f8a01cf4c6f4770c74988cef7c2b5cac3041d9f172647e3
  languageName: node
  linkType: hard

"@types/react@npm:*":
  version: 18.0.28
  resolution: "@types/react@npm:18.0.28"
  dependencies:
    "@types/prop-types": "*"
    "@types/scheduler": "*"
    csstype: ^3.0.2
  checksum: e752df961105e5127652460504785897ca6e77259e0da8f233f694f9e8f451cde7fa0709d4456ade0ff600c8ce909cfe29f9b08b9c247fa9b734e126ec53edd7
  languageName: node
  linkType: hard

"@types/scheduler@npm:*":
  version: 0.16.2
  resolution: "@types/scheduler@npm:0.16.2"
  checksum: b6b4dcfeae6deba2e06a70941860fb1435730576d3689225a421280b7742318d1548b3d22c1f66ab68e414f346a9542f29240bc955b6332c5b11e561077583bc
  languageName: node
  linkType: hard

"@types/statuses@npm:^2.0.4":
  version: 2.0.5
  resolution: "@types/statuses@npm:2.0.5"
  checksum: 3f2609f660b45a878c6782f2fb2cef9f08bbd4e89194bf7512e747b8a73b056839be1ad6f64b1353765528cd8a5e93adeffc471cde24d0d9f7b528264e7154e5
  languageName: node
  linkType: hard

"@types/tough-cookie@npm:^4.0.5":
  version: 4.0.5
  resolution: "@types/tough-cookie@npm:4.0.5"
  checksum: f19409d0190b179331586365912920d192733112a195e870c7f18d20ac8adb7ad0b0ff69dad430dba8bc2be09593453a719cfea92dc3bda19748fd158fe1498d
  languageName: node
  linkType: hard

"@types/use-sync-external-store@npm:^0.0.3":
  version: 0.0.3
  resolution: "@types/use-sync-external-store@npm:0.0.3"
  checksum: 161ddb8eec5dbe7279ac971531217e9af6b99f7783213566d2b502e2e2378ea19cf5e5ea4595039d730aa79d3d35c6567d48599f69773a02ffcff1776ec2a44e
  languageName: node
  linkType: hard

"@types/wrap-ansi@npm:^3.0.0":
  version: 3.0.0
  resolution: "@types/wrap-ansi@npm:3.0.0"
  checksum: 492f0610093b5802f45ca292777679bb9b381f1f32ae939956dd9e00bf81dba7cc99979687620a2817d9a7d8b59928207698166c47a0861c6a2e5c30d4aaf1e9
  languageName: node
  linkType: hard

"ansi-escapes@npm:^4.3.2":
  version: 4.3.2
  resolution: "ansi-escapes@npm:4.3.2"
  dependencies:
    type-fest: ^0.21.3
  checksum: 93111c42189c0a6bed9cdb4d7f2829548e943827ee8479c74d6e0b22ee127b2a21d3f8b5ca57723b8ef78ce011fbfc2784350eb2bde3ccfccf2f575fa8489815
  languageName: node
  linkType: hard

"ansi-regex@npm:^5.0.1":
  version: 5.0.1
  resolution: "ansi-regex@npm:5.0.1"
  checksum: 2aa4bb54caf2d622f1afdad09441695af2a83aa3fe8b8afa581d205e57ed4261c183c4d3877cee25794443fde5876417d859c108078ab788d6af7e4fe52eb66b
  languageName: node
  linkType: hard

"ansi-styles@npm:^3.2.1":
  version: 3.2.1
  resolution: "ansi-styles@npm:3.2.1"
  dependencies:
    color-convert: ^1.9.0
  checksum: d85ade01c10e5dd77b6c89f34ed7531da5830d2cb5882c645f330079975b716438cd7ebb81d0d6e6b4f9c577f19ae41ab55f07f19786b02f9dfd9e0377395665
  languageName: node
  linkType: hard

"ansi-styles@npm:^4.0.0, ansi-styles@npm:^4.1.0":
  version: 4.3.0
  resolution: "ansi-styles@npm:4.3.0"
  dependencies:
    color-convert: ^2.0.1
  checksum: 513b44c3b2105dd14cc42a19271e80f386466c4be574bccf60b627432f9198571ebf4ab1e4c3ba17347658f4ee1711c163d574248c0c1cdc2d5917a0ad582ec4
  languageName: node
  linkType: hard

"ansi-styles@npm:^5.0.0":
  version: 5.2.0
  resolution: "ansi-styles@npm:5.2.0"
  checksum: d7f4e97ce0623aea6bc0d90dcd28881ee04cba06c570b97fd3391bd7a268eedfd9d5e2dd4fdcbdd82b8105df5faf6f24aaedc08eaf3da898e702db5948f63469
  languageName: node
  linkType: hard

"aria-query@npm:^5.0.0":
  version: 5.1.3
  resolution: "aria-query@npm:5.1.3"
  dependencies:
    deep-equal: ^2.0.5
  checksum: 929ff95f02857b650fb4cbcd2f41072eee2f46159a6605ea03bf63aa572e35ffdff43d69e815ddc462e16e07de8faba3978afc2813650b4448ee18c9895d982b
  languageName: node
  linkType: hard

"available-typed-arrays@npm:^1.0.5":
  version: 1.0.5
  resolution: "available-typed-arrays@npm:1.0.5"
  checksum: 20eb47b3cefd7db027b9bbb993c658abd36d4edd3fe1060e83699a03ee275b0c9b216cc076ff3f2db29073225fb70e7613987af14269ac1fe2a19803ccc97f1a
  languageName: node
  linkType: hard

"call-bind@npm:^1.0.0, call-bind@npm:^1.0.2":
  version: 1.0.2
  resolution: "call-bind@npm:1.0.2"
  dependencies:
    function-bind: ^1.1.1
    get-intrinsic: ^1.0.2
  checksum: f8e31de9d19988a4b80f3e704788c4a2d6b6f3d17cfec4f57dc29ced450c53a49270dc66bf0fbd693329ee948dd33e6c90a329519aef17474a4d961e8d6426b0
  languageName: node
  linkType: hard

"chalk@npm:^2.0.0":
  version: 2.4.2
  resolution: "chalk@npm:2.4.2"
  dependencies:
    ansi-styles: ^3.2.1
    escape-string-regexp: ^1.0.5
    supports-color: ^5.3.0
  checksum: ec3661d38fe77f681200f878edbd9448821924e0f93a9cefc0e26a33b145f1027a2084bf19967160d11e1f03bfe4eaffcabf5493b89098b2782c3fe0b03d80c2
  languageName: node
  linkType: hard

"chalk@npm:^4.1.0, chalk@npm:^4.1.2":
  version: 4.1.2
  resolution: "chalk@npm:4.1.2"
  dependencies:
    ansi-styles: ^4.1.0
    supports-color: ^7.1.0
  checksum: fe75c9d5c76a7a98d45495b91b2172fa3b7a09e0cc9370e5c8feb1c567b85c4288e2b3fded7cfdd7359ac28d6b3844feb8b82b8686842e93d23c827c417e83fc
  languageName: node
  linkType: hard

"cli-width@npm:^4.1.0":
  version: 4.1.0
  resolution: "cli-width@npm:4.1.0"
  checksum: 0a79cff2dbf89ef530bcd54c713703ba94461457b11e5634bd024c78796ed21401e32349c004995954e06f442d82609287e7aabf6a5f02c919a1cf3b9b6854ff
  languageName: node
  linkType: hard

"cliui@npm:^8.0.1":
  version: 8.0.1
  resolution: "cliui@npm:8.0.1"
  dependencies:
    string-width: ^4.2.0
    strip-ansi: ^6.0.1
    wrap-ansi: ^7.0.0
  checksum: 79648b3b0045f2e285b76fb2e24e207c6db44323581e421c3acbd0e86454cba1b37aea976ab50195a49e7384b871e6dfb2247ad7dec53c02454ac6497394cb56
  languageName: node
  linkType: hard

"color-convert@npm:^1.9.0":
  version: 1.9.3
  resolution: "color-convert@npm:1.9.3"
  dependencies:
    color-name: 1.1.3
  checksum: fd7a64a17cde98fb923b1dd05c5f2e6f7aefda1b60d67e8d449f9328b4e53b228a428fd38bfeaeb2db2ff6b6503a776a996150b80cdf224062af08a5c8a3a203
  languageName: node
  linkType: hard

"color-convert@npm:^2.0.1":
  version: 2.0.1
  resolution: "color-convert@npm:2.0.1"
  dependencies:
    color-name: ~1.1.4
  checksum: 79e6bdb9fd479a205c71d89574fccfb22bd9053bd98c6c4d870d65c132e5e904e6034978e55b43d69fcaa7433af2016ee203ce76eeba9cfa554b373e7f7db336
  languageName: node
  linkType: hard

"color-name@npm:1.1.3":
  version: 1.1.3
  resolution: "color-name@npm:1.1.3"
  checksum: 09c5d3e33d2105850153b14466501f2bfb30324a2f76568a408763a3b7433b0e50e5b4ab1947868e65cb101bb7cb75029553f2c333b6d4b8138a73fcc133d69d
  languageName: node
  linkType: hard

"color-name@npm:~1.1.4":
  version: 1.1.4
  resolution: "color-name@npm:1.1.4"
  checksum: b0445859521eb4021cd0fb0cc1a75cecf67fceecae89b63f62b201cca8d345baf8b952c966862a9d9a2632987d4f6581f0ec8d957dfacece86f0a7919316f610
  languageName: node
  linkType: hard

"cookie@npm:^0.5.0":
  version: 0.5.0
  resolution: "cookie@npm:0.5.0"
  checksum: 1f4bd2ca5765f8c9689a7e8954183f5332139eb72b6ff783d8947032ec1fdf43109852c178e21a953a30c0dd42257828185be01b49d1eb1a67fd054ca588a180
  languageName: node
  linkType: hard

"csstype@npm:^3.0.2":
  version: 3.1.1
  resolution: "csstype@npm:3.1.1"
  checksum: 1f7b4f5fdd955b7444b18ebdddf3f5c699159f13e9cf8ac9027ae4a60ae226aef9bbb14a6e12ca7dba3358b007cee6354b116e720262867c398de6c955ea451d
  languageName: node
  linkType: hard

"deep-equal@npm:^2.0.5":
  version: 2.2.0
  resolution: "deep-equal@npm:2.2.0"
  dependencies:
    call-bind: ^1.0.2
    es-get-iterator: ^1.1.2
    get-intrinsic: ^1.1.3
    is-arguments: ^1.1.1
    is-array-buffer: ^3.0.1
    is-date-object: ^1.0.5
    is-regex: ^1.1.4
    is-shared-array-buffer: ^1.0.2
    isarray: ^2.0.5
    object-is: ^1.1.5
    object-keys: ^1.1.1
    object.assign: ^4.1.4
    regexp.prototype.flags: ^1.4.3
    side-channel: ^1.0.4
    which-boxed-primitive: ^1.0.2
    which-collection: ^1.0.1
    which-typed-array: ^1.1.9
  checksum: 46a34509d2766d6c6dc5aec4756089cf0cc137e46787e91f08f1ee0bb570d874f19f0493146907df0cf18aed4a7b4b50f6f62c899240a76c323f057528b122e3
  languageName: node
  linkType: hard

"define-properties@npm:^1.1.3, define-properties@npm:^1.1.4":
  version: 1.2.0
  resolution: "define-properties@npm:1.2.0"
  dependencies:
    has-property-descriptors: ^1.0.0
    object-keys: ^1.1.1
  checksum: e60aee6a19b102df4e2b1f301816804e81ab48bb91f00d0d935f269bf4b3f79c88b39e4f89eaa132890d23267335fd1140dfcd8d5ccd61031a0a2c41a54e33a6
  languageName: node
  linkType: hard

"docs@workspace:.":
  version: 0.0.0-use.local
  resolution: "docs@workspace:."
  dependencies:
    "@reduxjs/toolkit": ^1.9.0
    "@testing-library/react": ^13.4.0
    msw: ^2.4.8
    react: ^18.2.0
    react-redux: ^8.0.5
  languageName: unknown
  linkType: soft

"dom-accessibility-api@npm:^0.5.9":
  version: 0.5.16
  resolution: "dom-accessibility-api@npm:0.5.16"
  checksum: 005eb283caef57fc1adec4d5df4dd49189b628f2f575af45decb210e04d634459e3f1ee64f18b41e2dcf200c844bc1d9279d80807e686a30d69a4756151ad248
  languageName: node
  linkType: hard

"emoji-regex@npm:^8.0.0":
  version: 8.0.0
  resolution: "emoji-regex@npm:8.0.0"
  checksum: d4c5c39d5a9868b5fa152f00cada8a936868fd3367f33f71be515ecee4c803132d11b31a6222b2571b1e5f7e13890156a94880345594d0ce7e3c9895f560f192
  languageName: node
  linkType: hard

"es-get-iterator@npm:^1.1.2":
  version: 1.1.3
  resolution: "es-get-iterator@npm:1.1.3"
  dependencies:
    call-bind: ^1.0.2
    get-intrinsic: ^1.1.3
    has-symbols: ^1.0.3
    is-arguments: ^1.1.1
    is-map: ^2.0.2
    is-set: ^2.0.2
    is-string: ^1.0.7
    isarray: ^2.0.5
    stop-iteration-iterator: ^1.0.0
  checksum: 8fa118da42667a01a7c7529f8a8cca514feeff243feec1ce0bb73baaa3514560bd09d2b3438873cf8a5aaec5d52da248131de153b28e2638a061b6e4df13267d
  languageName: node
  linkType: hard

"escalade@npm:^3.1.1":
  version: 3.1.1
  resolution: "escalade@npm:3.1.1"
  checksum: a3e2a99f07acb74b3ad4989c48ca0c3140f69f923e56d0cba0526240ee470b91010f9d39001f2a4a313841d237ede70a729e92125191ba5d21e74b106800b133
  languageName: node
  linkType: hard

"escape-string-regexp@npm:^1.0.5":
  version: 1.0.5
  resolution: "escape-string-regexp@npm:1.0.5"
  checksum: 6092fda75c63b110c706b6a9bfde8a612ad595b628f0bd2147eea1d3406723020810e591effc7db1da91d80a71a737a313567c5abb3813e8d9c71f4aa595b410
  languageName: node
  linkType: hard

"for-each@npm:^0.3.3":
  version: 0.3.3
  resolution: "for-each@npm:0.3.3"
  dependencies:
    is-callable: ^1.1.3
  checksum: 6c48ff2bc63362319c65e2edca4a8e1e3483a2fabc72fbe7feaf8c73db94fc7861bd53bc02c8a66a0c1dd709da6b04eec42e0abdd6b40ce47305ae92a25e5d28
  languageName: node
  linkType: hard

"function-bind@npm:^1.1.1":
  version: 1.1.1
  resolution: "function-bind@npm:1.1.1"
  checksum: b32fbaebb3f8ec4969f033073b43f5c8befbb58f1a79e12f1d7490358150359ebd92f49e72ff0144f65f2c48ea2a605bff2d07965f548f6474fd8efd95bf361a
  languageName: node
  linkType: hard

"functions-have-names@npm:^1.2.2":
  version: 1.2.3
  resolution: "functions-have-names@npm:1.2.3"
  checksum: c3f1f5ba20f4e962efb71344ce0a40722163e85bee2101ce25f88214e78182d2d2476aa85ef37950c579eb6cf6ee811c17b3101bb84004bb75655f3e33f3fdb5
  languageName: node
  linkType: hard

"get-caller-file@npm:^2.0.5":
  version: 2.0.5
  resolution: "get-caller-file@npm:2.0.5"
  checksum: b9769a836d2a98c3ee734a88ba712e62703f1df31b94b784762c433c27a386dd6029ff55c2a920c392e33657d80191edbf18c61487e198844844516f843496b9
  languageName: node
  linkType: hard

"get-intrinsic@npm:^1.0.2, get-intrinsic@npm:^1.1.1, get-intrinsic@npm:^1.1.3, get-intrinsic@npm:^1.2.0":
  version: 1.2.0
  resolution: "get-intrinsic@npm:1.2.0"
  dependencies:
    function-bind: ^1.1.1
    has: ^1.0.3
    has-symbols: ^1.0.3
  checksum: 78fc0487b783f5c58cf2dccafc3ae656ee8d2d8062a8831ce4a95e7057af4587a1d4882246c033aca0a7b4965276f4802b45cc300338d1b77a73d3e3e3f4877d
  languageName: node
  linkType: hard

"gopd@npm:^1.0.1":
  version: 1.0.1
  resolution: "gopd@npm:1.0.1"
  dependencies:
    get-intrinsic: ^1.1.3
  checksum: a5ccfb8806e0917a94e0b3de2af2ea4979c1da920bc381667c260e00e7cafdbe844e2cb9c5bcfef4e5412e8bf73bab837285bc35c7ba73aaaf0134d4583393a6
  languageName: node
  linkType: hard

"graphql@npm:^16.8.1":
  version: 16.9.0
  resolution: "graphql@npm:16.9.0"
  checksum: 8cb3d54100e9227310383ce7f791ca48d12f15ed9f2021f23f8735f1121aafe4e5e611a853081dd935ce221724ea1ae4638faef5d2921fb1ad7c26b5f46611e9
  languageName: node
  linkType: hard

"has-bigints@npm:^1.0.1":
  version: 1.0.2
  resolution: "has-bigints@npm:1.0.2"
  checksum: 390e31e7be7e5c6fe68b81babb73dfc35d413604d7ee5f56da101417027a4b4ce6a27e46eff97ad040c835b5d228676eae99a9b5c3bc0e23c8e81a49241ff45b
  languageName: node
  linkType: hard

"has-flag@npm:^3.0.0":
  version: 3.0.0
  resolution: "has-flag@npm:3.0.0"
  checksum: 4a15638b454bf086c8148979aae044dd6e39d63904cd452d970374fa6a87623423da485dfb814e7be882e05c096a7ccf1ebd48e7e7501d0208d8384ff4dea73b
  languageName: node
  linkType: hard

"has-flag@npm:^4.0.0":
  version: 4.0.0
  resolution: "has-flag@npm:4.0.0"
  checksum: 261a1357037ead75e338156b1f9452c016a37dcd3283a972a30d9e4a87441ba372c8b81f818cd0fbcd9c0354b4ae7e18b9e1afa1971164aef6d18c2b6095a8ad
  languageName: node
  linkType: hard

"has-property-descriptors@npm:^1.0.0":
  version: 1.0.0
  resolution: "has-property-descriptors@npm:1.0.0"
  dependencies:
    get-intrinsic: ^1.1.1
  checksum: a6d3f0a266d0294d972e354782e872e2fe1b6495b321e6ef678c9b7a06a40408a6891817350c62e752adced73a94ac903c54734fee05bf65b1905ee1368194bb
  languageName: node
  linkType: hard

"has-symbols@npm:^1.0.2, has-symbols@npm:^1.0.3":
  version: 1.0.3
  resolution: "has-symbols@npm:1.0.3"
  checksum: a054c40c631c0d5741a8285010a0777ea0c068f99ed43e5d6eb12972da223f8af553a455132fdb0801bdcfa0e0f443c0c03a68d8555aa529b3144b446c3f2410
  languageName: node
  linkType: hard

"has-tostringtag@npm:^1.0.0":
  version: 1.0.0
  resolution: "has-tostringtag@npm:1.0.0"
  dependencies:
    has-symbols: ^1.0.2
  checksum: cc12eb28cb6ae22369ebaad3a8ab0799ed61270991be88f208d508076a1e99abe4198c965935ce85ea90b60c94ddda73693b0920b58e7ead048b4a391b502c1c
  languageName: node
  linkType: hard

"has@npm:^1.0.3":
  version: 1.0.3
  resolution: "has@npm:1.0.3"
  dependencies:
    function-bind: ^1.1.1
  checksum: b9ad53d53be4af90ce5d1c38331e712522417d017d5ef1ebd0507e07c2fbad8686fffb8e12ddecd4c39ca9b9b47431afbb975b8abf7f3c3b82c98e9aad052792
  languageName: node
  linkType: hard

"headers-polyfill@npm:^4.0.2":
  version: 4.0.3
  resolution: "headers-polyfill@npm:4.0.3"
  checksum: 382efe88575362f9f343f813a9df5131cec23129121111c55fb1151fb6dc87d963a820412fc95ff9cbc3016149de0714211dfa5d5914020ed92a69f014f66600
  languageName: node
  linkType: hard

"hoist-non-react-statics@npm:^3.3.0, hoist-non-react-statics@npm:^3.3.2":
  version: 3.3.2
  resolution: "hoist-non-react-statics@npm:3.3.2"
  dependencies:
    react-is: ^16.7.0
  checksum: b1538270429b13901ee586aa44f4cc3ecd8831c061d06cb8322e50ea17b3f5ce4d0e2e66394761e6c8e152cd8c34fb3b4b690116c6ce2bd45b18c746516cb9e8
  languageName: node
  linkType: hard

"immer@npm:^9.0.16":
  version: 9.0.19
  resolution: "immer@npm:9.0.19"
  checksum: f02ee53989989c287cd548a3d817fccf0bfe56db919755ee94a72ea3ae78a00363fba93ee6c010fe54a664380c29c53d44ed4091c6a86cae60957ad2cfabc010
  languageName: node
  linkType: hard

"internal-slot@npm:^1.0.4":
  version: 1.0.5
  resolution: "internal-slot@npm:1.0.5"
  dependencies:
    get-intrinsic: ^1.2.0
    has: ^1.0.3
    side-channel: ^1.0.4
  checksum: 97e84046bf9e7574d0956bd98d7162313ce7057883b6db6c5c7b5e5f05688864b0978ba07610c726d15d66544ffe4b1050107d93f8a39ebc59b15d8b429b497a
  languageName: node
  linkType: hard

"is-arguments@npm:^1.1.1":
  version: 1.1.1
  resolution: "is-arguments@npm:1.1.1"
  dependencies:
    call-bind: ^1.0.2
    has-tostringtag: ^1.0.0
  checksum: 7f02700ec2171b691ef3e4d0e3e6c0ba408e8434368504bb593d0d7c891c0dbfda6d19d30808b904a6cb1929bca648c061ba438c39f296c2a8ca083229c49f27
  languageName: node
  linkType: hard

"is-array-buffer@npm:^3.0.1":
  version: 3.0.1
  resolution: "is-array-buffer@npm:3.0.1"
  dependencies:
    call-bind: ^1.0.2
    get-intrinsic: ^1.1.3
    is-typed-array: ^1.1.10
  checksum: f26ab87448e698285daf707e52a533920449f7abf63714140ffab9d5571aa5a71ac2fa2677e8b793ad0d5d3e40078d4d2c8a0ab39c957e3cfc6513bb6c9dfdc9
  languageName: node
  linkType: hard

"is-bigint@npm:^1.0.1":
  version: 1.0.4
  resolution: "is-bigint@npm:1.0.4"
  dependencies:
    has-bigints: ^1.0.1
  checksum: c56edfe09b1154f8668e53ebe8252b6f185ee852a50f9b41e8d921cb2bed425652049fbe438723f6cb48a63ca1aa051e948e7e401e093477c99c84eba244f666
  languageName: node
  linkType: hard

"is-boolean-object@npm:^1.1.0":
  version: 1.1.2
  resolution: "is-boolean-object@npm:1.1.2"
  dependencies:
    call-bind: ^1.0.2
    has-tostringtag: ^1.0.0
  checksum: c03b23dbaacadc18940defb12c1c0e3aaece7553ef58b162a0f6bba0c2a7e1551b59f365b91e00d2dbac0522392d576ef322628cb1d036a0fe51eb466db67222
  languageName: node
  linkType: hard

"is-callable@npm:^1.1.3":
  version: 1.2.7
  resolution: "is-callable@npm:1.2.7"
  checksum: 61fd57d03b0d984e2ed3720fb1c7a897827ea174bd44402878e059542ea8c4aeedee0ea0985998aa5cc2736b2fa6e271c08587addb5b3959ac52cf665173d1ac
  languageName: node
  linkType: hard

"is-date-object@npm:^1.0.5":
  version: 1.0.5
  resolution: "is-date-object@npm:1.0.5"
  dependencies:
    has-tostringtag: ^1.0.0
  checksum: baa9077cdf15eb7b58c79398604ca57379b2fc4cf9aa7a9b9e295278648f628c9b201400c01c5e0f7afae56507d741185730307cbe7cad3b9f90a77e5ee342fc
  languageName: node
  linkType: hard

"is-fullwidth-code-point@npm:^3.0.0":
  version: 3.0.0
  resolution: "is-fullwidth-code-point@npm:3.0.0"
  checksum: 44a30c29457c7fb8f00297bce733f0a64cd22eca270f83e58c105e0d015e45c019491a4ab2faef91ab51d4738c670daff901c799f6a700e27f7314029e99e348
  languageName: node
  linkType: hard

"is-map@npm:^2.0.1, is-map@npm:^2.0.2":
  version: 2.0.2
  resolution: "is-map@npm:2.0.2"
  checksum: ace3d0ecd667bbdefdb1852de601268f67f2db725624b1958f279316e13fecb8fa7df91fd60f690d7417b4ec180712f5a7ee967008e27c65cfd475cc84337728
  languageName: node
  linkType: hard

"is-node-process@npm:^1.2.0":
  version: 1.2.0
  resolution: "is-node-process@npm:1.2.0"
  checksum: 930765cdc6d81ab8f1bbecbea4a8d35c7c6d88a3ff61f3630e0fc7f22d624d7661c1df05c58547d0eb6a639dfa9304682c8e342c4113a6ed51472b704cee2928
  languageName: node
  linkType: hard

"is-number-object@npm:^1.0.4":
  version: 1.0.7
  resolution: "is-number-object@npm:1.0.7"
  dependencies:
    has-tostringtag: ^1.0.0
  checksum: d1e8d01bb0a7134c74649c4e62da0c6118a0bfc6771ea3c560914d52a627873e6920dd0fd0ebc0e12ad2ff4687eac4c308f7e80320b973b2c8a2c8f97a7524f7
  languageName: node
  linkType: hard

"is-regex@npm:^1.1.4":
  version: 1.1.4
  resolution: "is-regex@npm:1.1.4"
  dependencies:
    call-bind: ^1.0.2
    has-tostringtag: ^1.0.0
  checksum: 362399b33535bc8f386d96c45c9feb04cf7f8b41c182f54174c1a45c9abbbe5e31290bbad09a458583ff6bf3b2048672cdb1881b13289569a7c548370856a652
  languageName: node
  linkType: hard

"is-set@npm:^2.0.1, is-set@npm:^2.0.2":
  version: 2.0.2
  resolution: "is-set@npm:2.0.2"
  checksum: b64343faf45e9387b97a6fd32be632ee7b269bd8183701f3b3f5b71a7cf00d04450ed8669d0bd08753e08b968beda96fca73a10fd0ff56a32603f64deba55a57
  languageName: node
  linkType: hard

"is-shared-array-buffer@npm:^1.0.2":
  version: 1.0.2
  resolution: "is-shared-array-buffer@npm:1.0.2"
  dependencies:
    call-bind: ^1.0.2
  checksum: 9508929cf14fdc1afc9d61d723c6e8d34f5e117f0bffda4d97e7a5d88c3a8681f633a74f8e3ad1fe92d5113f9b921dc5ca44356492079612f9a247efbce7032a
  languageName: node
  linkType: hard

"is-string@npm:^1.0.5, is-string@npm:^1.0.7":
  version: 1.0.7
  resolution: "is-string@npm:1.0.7"
  dependencies:
    has-tostringtag: ^1.0.0
  checksum: 323b3d04622f78d45077cf89aab783b2f49d24dc641aa89b5ad1a72114cfeff2585efc8c12ef42466dff32bde93d839ad321b26884cf75e5a7892a938b089989
  languageName: node
  linkType: hard

"is-symbol@npm:^1.0.3":
  version: 1.0.4
  resolution: "is-symbol@npm:1.0.4"
  dependencies:
    has-symbols: ^1.0.2
  checksum: 92805812ef590738d9de49d677cd17dfd486794773fb6fa0032d16452af46e9b91bb43ffe82c983570f015b37136f4b53b28b8523bfb10b0ece7a66c31a54510
  languageName: node
  linkType: hard

"is-typed-array@npm:^1.1.10":
  version: 1.1.10
  resolution: "is-typed-array@npm:1.1.10"
  dependencies:
    available-typed-arrays: ^1.0.5
    call-bind: ^1.0.2
    for-each: ^0.3.3
    gopd: ^1.0.1
    has-tostringtag: ^1.0.0
  checksum: aac6ecb59d4c56a1cdeb69b1f129154ef462bbffe434cb8a8235ca89b42f258b7ae94073c41b3cb7bce37f6a1733ad4499f07882d5d5093a7ba84dfc4ebb8017
  languageName: node
  linkType: hard

"is-weakmap@npm:^2.0.1":
  version: 2.0.1
  resolution: "is-weakmap@npm:2.0.1"
  checksum: 1222bb7e90c32bdb949226e66d26cb7bce12e1e28e3e1b40bfa6b390ba3e08192a8664a703dff2a00a84825f4e022f9cd58c4599ff9981ab72b1d69479f4f7f6
  languageName: node
  linkType: hard

"is-weakset@npm:^2.0.1":
  version: 2.0.2
  resolution: "is-weakset@npm:2.0.2"
  dependencies:
    call-bind: ^1.0.2
    get-intrinsic: ^1.1.1
  checksum: 5d8698d1fa599a0635d7ca85be9c26d547b317ed8fd83fc75f03efbe75d50001b5eececb1e9971de85fcde84f69ae6f8346bc92d20d55d46201d328e4c74a367
  languageName: node
  linkType: hard

"isarray@npm:^2.0.5":
  version: 2.0.5
  resolution: "isarray@npm:2.0.5"
  checksum: bd5bbe4104438c4196ba58a54650116007fa0262eccef13a4c55b2e09a5b36b59f1e75b9fcc49883dd9d4953892e6fc007eef9e9155648ceea036e184b0f930a
  languageName: node
  linkType: hard

"js-tokens@npm:^3.0.0 || ^4.0.0, js-tokens@npm:^4.0.0":
  version: 4.0.0
  resolution: "js-tokens@npm:4.0.0"
  checksum: 8a95213a5a77deb6cbe94d86340e8d9ace2b93bc367790b260101d2f36a2eaf4e4e22d9fa9cf459b38af3a32fb4190e638024cf82ec95ef708680e405ea7cc78
  languageName: node
  linkType: hard

"loose-envify@npm:^1.1.0":
  version: 1.4.0
  resolution: "loose-envify@npm:1.4.0"
  dependencies:
    js-tokens: ^3.0.0 || ^4.0.0
  bin:
    loose-envify: cli.js
  checksum: 6517e24e0cad87ec9888f500c5b5947032cdfe6ef65e1c1936a0c48a524b81e65542c9c3edc91c97d5bddc806ee2a985dbc79be89215d613b1de5db6d1cfe6f4
  languageName: node
  linkType: hard

"lz-string@npm:^1.4.4":
  version: 1.4.4
  resolution: "lz-string@npm:1.4.4"
  bin:
    lz-string: bin/bin.js
  checksum: 54e31238a61a84d8f664d9860a9fba7310c5b97a52c444f80543069bc084815eff40b8d4474ae1d93992fdf6c252dca37cf27f6adbeb4dbc3df2f3ac773d0e61
  languageName: node
  linkType: hard

"msw@npm:^2.4.8":
  version: 2.4.8
  resolution: "msw@npm:2.4.8"
  dependencies:
    "@bundled-es-modules/cookie": ^2.0.0
    "@bundled-es-modules/statuses": ^1.0.1
    "@bundled-es-modules/tough-cookie": ^0.1.6
    "@inquirer/confirm": ^3.0.0
    "@mswjs/interceptors": ^0.35.6
    "@open-draft/until": ^2.1.0
    "@types/cookie": ^0.6.0
    "@types/statuses": ^2.0.4
    chalk: ^4.1.2
    graphql: ^16.8.1
    headers-polyfill: ^4.0.2
    is-node-process: ^1.2.0
    outvariant: ^1.4.2
    path-to-regexp: ^6.3.0
    strict-event-emitter: ^0.5.1
    type-fest: ^4.9.0
    yargs: ^17.7.2
  peerDependencies:
    typescript: ">= 4.8.x"
  peerDependenciesMeta:
    typescript:
      optional: true
  bin:
    msw: cli/index.js
  checksum: 3cfc2588715aa1a006032b6e255ce6dc899e51f6fea0b69bb0df8b635d9a332227b3463f5017577ca82076afb489dfd036fb9cc156c89f482fb5e8a44de97ad8
  languageName: node
  linkType: hard

"mute-stream@npm:^1.0.0":
  version: 1.0.0
  resolution: "mute-stream@npm:1.0.0"
  checksum: 36fc968b0e9c9c63029d4f9dc63911950a3bdf55c9a87f58d3a266289b67180201cade911e7699f8b2fa596b34c9db43dad37649e3f7fdd13c3bb9edb0017ee7
  languageName: node
  linkType: hard

"object-inspect@npm:^1.9.0":
  version: 1.12.3
  resolution: "object-inspect@npm:1.12.3"
  checksum: dabfd824d97a5f407e6d5d24810d888859f6be394d8b733a77442b277e0808860555176719c5905e765e3743a7cada6b8b0a3b85e5331c530fd418cc8ae991db
  languageName: node
  linkType: hard

"object-is@npm:^1.1.5":
  version: 1.1.5
  resolution: "object-is@npm:1.1.5"
  dependencies:
    call-bind: ^1.0.2
    define-properties: ^1.1.3
  checksum: 989b18c4cba258a6b74dc1d74a41805c1a1425bce29f6cabb50dcb1a6a651ea9104a1b07046739a49a5bb1bc49727bcb00efd5c55f932f6ea04ec8927a7901fe
  languageName: node
  linkType: hard

"object-keys@npm:^1.1.1":
  version: 1.1.1
  resolution: "object-keys@npm:1.1.1"
  checksum: b363c5e7644b1e1b04aa507e88dcb8e3a2f52b6ffd0ea801e4c7a62d5aa559affe21c55a07fd4b1fd55fc03a33c610d73426664b20032405d7b92a1414c34d6a
  languageName: node
  linkType: hard

"object.assign@npm:^4.1.4":
  version: 4.1.4
  resolution: "object.assign@npm:4.1.4"
  dependencies:
    call-bind: ^1.0.2
    define-properties: ^1.1.4
    has-symbols: ^1.0.3
    object-keys: ^1.1.1
  checksum: 76cab513a5999acbfe0ff355f15a6a125e71805fcf53de4e9d4e082e1989bdb81d1e329291e1e4e0ae7719f0e4ef80e88fb2d367ae60500d79d25a6224ac8864
  languageName: node
  linkType: hard

"outvariant@npm:^1.4.0, outvariant@npm:^1.4.2, outvariant@npm:^1.4.3":
  version: 1.4.3
  resolution: "outvariant@npm:1.4.3"
  checksum: 4a3551fb2b45309e585eebf88bad094dbe56ac6d3a28d59dd2e4050b431aa2beb6097a0763fce3cd82ca0f077026f380a9b60fffc306aaf430141421e7a7b6ed
  languageName: node
  linkType: hard

"path-to-regexp@npm:^6.3.0":
  version: 6.3.0
  resolution: "path-to-regexp@npm:6.3.0"
  checksum: eca78602e6434a1b6799d511d375ec044e8d7e28f5a48aa5c28d57d8152fb52f3fc62fb1cfc5dfa2198e1f041c2a82ed14043d75740a2fe60e91b5089a153250
  languageName: node
  linkType: hard

"pretty-format@npm:^27.0.2":
  version: 27.5.1
  resolution: "pretty-format@npm:27.5.1"
  dependencies:
    ansi-regex: ^5.0.1
    ansi-styles: ^5.0.0
    react-is: ^17.0.1
  checksum: cf610cffcb793885d16f184a62162f2dd0df31642d9a18edf4ca298e909a8fe80bdbf556d5c9573992c102ce8bf948691da91bf9739bee0ffb6e79c8a8a6e088
  languageName: node
  linkType: hard

"psl@npm:^1.1.33":
  version: 1.9.0
  resolution: "psl@npm:1.9.0"
  checksum: 20c4277f640c93d393130673f392618e9a8044c6c7bf61c53917a0fddb4952790f5f362c6c730a9c32b124813e173733f9895add8d26f566ed0ea0654b2e711d
  languageName: node
  linkType: hard

"punycode@npm:^2.1.1":
  version: 2.3.1
  resolution: "punycode@npm:2.3.1"
  checksum: bb0a0ceedca4c3c57a9b981b90601579058903c62be23c5e8e843d2c2d4148a3ecf029d5133486fb0e1822b098ba8bba09e89d6b21742d02fa26bda6441a6fb2
  languageName: node
  linkType: hard

"querystringify@npm:^2.1.1":
  version: 2.2.0
  resolution: "querystringify@npm:2.2.0"
  checksum: 5641ea231bad7ef6d64d9998faca95611ed4b11c2591a8cae741e178a974f6a8e0ebde008475259abe1621cb15e692404e6b6626e927f7b849d5c09392604b15
  languageName: node
  linkType: hard

"react-is@npm:^16.7.0":
  version: 16.13.1
  resolution: "react-is@npm:16.13.1"
  checksum: f7a19ac3496de32ca9ae12aa030f00f14a3d45374f1ceca0af707c831b2a6098ef0d6bdae51bd437b0a306d7f01d4677fcc8de7c0d331eb47ad0f46130e53c5f
  languageName: node
  linkType: hard

"react-is@npm:^17.0.1":
  version: 17.0.2
  resolution: "react-is@npm:17.0.2"
  checksum: 9d6d111d8990dc98bc5402c1266a808b0459b5d54830bbea24c12d908b536df7883f268a7868cfaedde3dd9d4e0d574db456f84d2e6df9c4526f99bb4b5344d8
  languageName: node
  linkType: hard

"react-is@npm:^18.0.0":
  version: 18.2.0
  resolution: "react-is@npm:18.2.0"
  checksum: e72d0ba81b5922759e4aff17e0252bd29988f9642ed817f56b25a3e217e13eea8a7f2322af99a06edb779da12d5d636e9fda473d620df9a3da0df2a74141d53e
  languageName: node
  linkType: hard

"react-redux@npm:^8.0.5":
  version: 8.0.5
  resolution: "react-redux@npm:8.0.5"
  dependencies:
    "@babel/runtime": ^7.12.1
    "@types/hoist-non-react-statics": ^3.3.1
    "@types/use-sync-external-store": ^0.0.3
    hoist-non-react-statics: ^3.3.2
    react-is: ^18.0.0
    use-sync-external-store: ^1.0.0
  peerDependencies:
    "@types/react": ^16.8 || ^17.0 || ^18.0
    "@types/react-dom": ^16.8 || ^17.0 || ^18.0
    react: ^16.8 || ^17.0 || ^18.0
    react-dom: ^16.8 || ^17.0 || ^18.0
    react-native: ">=0.59"
    redux: ^4
  peerDependenciesMeta:
    "@types/react":
      optional: true
    "@types/react-dom":
      optional: true
    react-dom:
      optional: true
    react-native:
      optional: true
    redux:
      optional: true
  checksum: a108f4f7ead6ac005e656d46051474a2bbdb31ede481bbbb3d8d779c1a35e1940b8655577cc5021313411864d305f67fc719aa48d6e5ed8288cf9cbe8b7042e4
  languageName: node
  linkType: hard

"react@npm:^18.2.0":
  version: 18.2.0
  resolution: "react@npm:18.2.0"
  dependencies:
    loose-envify: ^1.1.0
  checksum: 88e38092da8839b830cda6feef2e8505dec8ace60579e46aa5490fc3dc9bba0bd50336507dc166f43e3afc1c42939c09fe33b25fae889d6f402721dcd78fca1b
  languageName: node
  linkType: hard

"redux-thunk@npm:^2.4.2":
  version: 2.4.2
  resolution: "redux-thunk@npm:2.4.2"
  peerDependencies:
    redux: ^4
  checksum: c7f757f6c383b8ec26152c113e20087818d18ed3edf438aaad43539e9a6b77b427ade755c9595c4a163b6ad3063adf3497e5fe6a36c68884eb1f1cfb6f049a5c
  languageName: node
  linkType: hard

"redux@npm:^4.2.0":
  version: 4.2.1
  resolution: "redux@npm:4.2.1"
  dependencies:
    "@babel/runtime": ^7.9.2
  checksum: f63b9060c3a1d930ae775252bb6e579b42415aee7a23c4114e21a0b4ba7ec12f0ec76936c00f546893f06e139819f0e2855e0d55ebfce34ca9c026241a6950dd
  languageName: node
  linkType: hard

"regenerator-runtime@npm:^0.13.11":
  version: 0.13.11
  resolution: "regenerator-runtime@npm:0.13.11"
  checksum: 27481628d22a1c4e3ff551096a683b424242a216fee44685467307f14d58020af1e19660bf2e26064de946bad7eff28950eae9f8209d55723e2d9351e632bbb4
  languageName: node
  linkType: hard

"regexp.prototype.flags@npm:^1.4.3":
  version: 1.4.3
  resolution: "regexp.prototype.flags@npm:1.4.3"
  dependencies:
    call-bind: ^1.0.2
    define-properties: ^1.1.3
    functions-have-names: ^1.2.2
  checksum: 51228bae732592adb3ededd5e15426be25f289e9c4ef15212f4da73f4ec3919b6140806374b8894036a86020d054a8d2657d3fee6bb9b4d35d8939c20030b7a6
  languageName: node
  linkType: hard

"require-directory@npm:^2.1.1":
  version: 2.1.1
  resolution: "require-directory@npm:2.1.1"
  checksum: fb47e70bf0001fdeabdc0429d431863e9475e7e43ea5f94ad86503d918423c1543361cc5166d713eaa7029dd7a3d34775af04764bebff99ef413111a5af18c80
  languageName: node
  linkType: hard

"requires-port@npm:^1.0.0":
  version: 1.0.0
  resolution: "requires-port@npm:1.0.0"
  checksum: eee0e303adffb69be55d1a214e415cf42b7441ae858c76dfc5353148644f6fd6e698926fc4643f510d5c126d12a705e7c8ed7e38061113bdf37547ab356797ff
  languageName: node
  linkType: hard

"reselect@npm:^4.1.7":
  version: 4.1.7
  resolution: "reselect@npm:4.1.7"
  checksum: 738d8e2b8f0dca154ad29de6a209c9fbca2d70ae6788fd85df87f2c74b95a65bbf2d16d43a9e2faff39de34d17a29d706ba08a6b2ee5660c09589edbd19af7e1
  languageName: node
  linkType: hard

"side-channel@npm:^1.0.4":
  version: 1.0.4
  resolution: "side-channel@npm:1.0.4"
  dependencies:
    call-bind: ^1.0.0
    get-intrinsic: ^1.0.2
    object-inspect: ^1.9.0
  checksum: 351e41b947079c10bd0858364f32bb3a7379514c399edb64ab3dce683933483fc63fb5e4efe0a15a2e8a7e3c436b6a91736ddb8d8c6591b0460a24bb4a1ee245
  languageName: node
  linkType: hard

"signal-exit@npm:^4.1.0":
  version: 4.1.0
  resolution: "signal-exit@npm:4.1.0"
  checksum: 64c757b498cb8629ffa5f75485340594d2f8189e9b08700e69199069c8e3070fb3e255f7ab873c05dc0b3cec412aea7402e10a5990cb6a050bd33ba062a6c549
  languageName: node
  linkType: hard

"statuses@npm:^2.0.1":
  version: 2.0.1
  resolution: "statuses@npm:2.0.1"
  checksum: 18c7623fdb8f646fb213ca4051be4df7efb3484d4ab662937ca6fbef7ced9b9e12842709872eb3020cc3504b93bde88935c9f6417489627a7786f24f8031cbcb
  languageName: node
  linkType: hard

"stop-iteration-iterator@npm:^1.0.0":
  version: 1.0.0
  resolution: "stop-iteration-iterator@npm:1.0.0"
  dependencies:
    internal-slot: ^1.0.4
  checksum: d04173690b2efa40e24ab70e5e51a3ff31d56d699550cfad084104ab3381390daccb36652b25755e420245f3b0737de66c1879eaa2a8d4fc0a78f9bf892fcb42
  languageName: node
  linkType: hard

"strict-event-emitter@npm:^0.5.1":
  version: 0.5.1
  resolution: "strict-event-emitter@npm:0.5.1"
  checksum: 350480431bc1c28fdb601ef4976c2f8155fc364b4740f9692dd03e5bdd48aafc99a5e021fe655fbd986d0b803e9f3fc5c4b018b35cb838c4690d60f2a26f1cf3
  languageName: node
  linkType: hard

"string-width@npm:^4.1.0, string-width@npm:^4.2.0, string-width@npm:^4.2.3":
  version: 4.2.3
  resolution: "string-width@npm:4.2.3"
  dependencies:
    emoji-regex: ^8.0.0
    is-fullwidth-code-point: ^3.0.0
    strip-ansi: ^6.0.1
  checksum: e52c10dc3fbfcd6c3a15f159f54a90024241d0f149cf8aed2982a2d801d2e64df0bf1dc351cf8e95c3319323f9f220c16e740b06faecd53e2462df1d2b5443fb
  languageName: node
  linkType: hard

"strip-ansi@npm:^6.0.0, strip-ansi@npm:^6.0.1":
  version: 6.0.1
  resolution: "strip-ansi@npm:6.0.1"
  dependencies:
    ansi-regex: ^5.0.1
  checksum: f3cd25890aef3ba6e1a74e20896c21a46f482e93df4a06567cebf2b57edabb15133f1f94e57434e0a958d61186087b1008e89c94875d019910a213181a14fc8c
  languageName: node
  linkType: hard

"supports-color@npm:^5.3.0":
  version: 5.5.0
  resolution: "supports-color@npm:5.5.0"
  dependencies:
    has-flag: ^3.0.0
  checksum: 95f6f4ba5afdf92f495b5a912d4abee8dcba766ae719b975c56c084f5004845f6f5a5f7769f52d53f40e21952a6d87411bafe34af4a01e65f9926002e38e1dac
  languageName: node
  linkType: hard

"supports-color@npm:^7.1.0":
  version: 7.2.0
  resolution: "supports-color@npm:7.2.0"
  dependencies:
    has-flag: ^4.0.0
  checksum: 3dda818de06ebbe5b9653e07842d9479f3555ebc77e9a0280caf5a14fb877ffee9ed57007c3b78f5a6324b8dbeec648d9e97a24e2ed9fdb81ddc69ea07100f4a
  languageName: node
  linkType: hard

"tough-cookie@npm:^4.1.4":
  version: 4.1.4
  resolution: "tough-cookie@npm:4.1.4"
  dependencies:
    psl: ^1.1.33
    punycode: ^2.1.1
    universalify: ^0.2.0
    url-parse: ^1.5.3
  checksum: 5815059f014c31179a303c673f753f7899a6fce94ac93712c88ea5f3c26e0c042b5f0c7a599a00f8e0feeca4615dba75c3dffc54f3c1a489978aa8205e09307c
  languageName: node
  linkType: hard

"type-fest@npm:^0.21.3":
  version: 0.21.3
  resolution: "type-fest@npm:0.21.3"
  checksum: e6b32a3b3877f04339bae01c193b273c62ba7bfc9e325b8703c4ee1b32dc8fe4ef5dfa54bf78265e069f7667d058e360ae0f37be5af9f153b22382cd55a9afe0
  languageName: node
  linkType: hard

"type-fest@npm:^4.9.0":
  version: 4.26.1
  resolution: "type-fest@npm:4.26.1"
  checksum: 7188db3bca82afa62c69a8043fb7c5eb74e63c45e7e28efb986da1629d844286f7181bc5a8185f38989fffff0d6c96be66fd13529b01932d1b6ebe725181d31a
  languageName: node
  linkType: hard

"undici-types@npm:~6.19.2":
  version: 6.19.8
  resolution: "undici-types@npm:6.19.8"
  checksum: de51f1b447d22571cf155dfe14ff6d12c5bdaec237c765085b439c38ca8518fc360e88c70f99469162bf2e14188a7b0bcb06e1ed2dc031042b984b0bb9544017
  languageName: node
  linkType: hard

"universalify@npm:^0.2.0":
  version: 0.2.0
  resolution: "universalify@npm:0.2.0"
  checksum: e86134cb12919d177c2353196a4cc09981524ee87abf621f7bc8d249dbbbebaec5e7d1314b96061497981350df786e4c5128dbf442eba104d6e765bc260678b5
  languageName: node
  linkType: hard

"url-parse@npm:^1.5.3":
  version: 1.5.10
  resolution: "url-parse@npm:1.5.10"
  dependencies:
    querystringify: ^2.1.1
    requires-port: ^1.0.0
  checksum: fbdba6b1d83336aca2216bbdc38ba658d9cfb8fc7f665eb8b17852de638ff7d1a162c198a8e4ed66001ddbf6c9888d41e4798912c62b4fd777a31657989f7bdf
  languageName: node
  linkType: hard

"use-sync-external-store@npm:^1.0.0":
  version: 1.2.0
  resolution: "use-sync-external-store@npm:1.2.0"
  peerDependencies:
    react: ^16.8.0 || ^17.0.0 || ^18.0.0
  checksum: 5c639e0f8da3521d605f59ce5be9e094ca772bd44a4ce7322b055a6f58eeed8dda3c94cabd90c7a41fb6fa852210092008afe48f7038792fd47501f33299116a
  languageName: node
  linkType: hard

"which-boxed-primitive@npm:^1.0.2":
  version: 1.0.2
  resolution: "which-boxed-primitive@npm:1.0.2"
  dependencies:
    is-bigint: ^1.0.1
    is-boolean-object: ^1.1.0
    is-number-object: ^1.0.4
    is-string: ^1.0.5
    is-symbol: ^1.0.3
  checksum: 53ce774c7379071729533922adcca47220228405e1895f26673bbd71bdf7fb09bee38c1d6399395927c6289476b5ae0629863427fd151491b71c4b6cb04f3a5e
  languageName: node
  linkType: hard

"which-collection@npm:^1.0.1":
  version: 1.0.1
  resolution: "which-collection@npm:1.0.1"
  dependencies:
    is-map: ^2.0.1
    is-set: ^2.0.1
    is-weakmap: ^2.0.1
    is-weakset: ^2.0.1
  checksum: c815bbd163107ef9cb84f135e6f34453eaf4cca994e7ba85ddb0d27cea724c623fae2a473ceccfd5549c53cc65a5d82692de418166df3f858e1e5dc60818581c
  languageName: node
  linkType: hard

"which-typed-array@npm:^1.1.9":
  version: 1.1.9
  resolution: "which-typed-array@npm:1.1.9"
  dependencies:
    available-typed-arrays: ^1.0.5
    call-bind: ^1.0.2
    for-each: ^0.3.3
    gopd: ^1.0.1
    has-tostringtag: ^1.0.0
    is-typed-array: ^1.1.10
  checksum: fe0178ca44c57699ca2c0e657b64eaa8d2db2372a4e2851184f568f98c478ae3dc3fdb5f7e46c384487046b0cf9e23241423242b277e03e8ba3dabc7c84c98ef
  languageName: node
  linkType: hard

"wrap-ansi@npm:^6.2.0":
  version: 6.2.0
  resolution: "wrap-ansi@npm:6.2.0"
  dependencies:
    ansi-styles: ^4.0.0
    string-width: ^4.1.0
    strip-ansi: ^6.0.0
  checksum: 6cd96a410161ff617b63581a08376f0cb9162375adeb7956e10c8cd397821f7eb2a6de24eb22a0b28401300bf228c86e50617cd568209b5f6775b93c97d2fe3a
  languageName: node
  linkType: hard

"wrap-ansi@npm:^7.0.0":
  version: 7.0.0
  resolution: "wrap-ansi@npm:7.0.0"
  dependencies:
    ansi-styles: ^4.0.0
    string-width: ^4.1.0
    strip-ansi: ^6.0.0
  checksum: a790b846fd4505de962ba728a21aaeda189b8ee1c7568ca5e817d85930e06ef8d1689d49dbf0e881e8ef84436af3a88bc49115c2e2788d841ff1b8b5b51a608b
  languageName: node
  linkType: hard

"y18n@npm:^5.0.5":
  version: 5.0.8
  resolution: "y18n@npm:5.0.8"
  checksum: 54f0fb95621ee60898a38c572c515659e51cc9d9f787fb109cef6fde4befbe1c4602dc999d30110feee37456ad0f1660fa2edcfde6a9a740f86a290999550d30
  languageName: node
  linkType: hard

"yargs-parser@npm:^21.1.1":
  version: 21.1.1
  resolution: "yargs-parser@npm:21.1.1"
  checksum: ed2d96a616a9e3e1cc7d204c62ecc61f7aaab633dcbfab2c6df50f7f87b393993fe6640d017759fe112d0cb1e0119f2b4150a87305cc873fd90831c6a58ccf1c
  languageName: node
  linkType: hard

"yargs@npm:^17.7.2":
  version: 17.7.2
  resolution: "yargs@npm:17.7.2"
  dependencies:
    cliui: ^8.0.1
    escalade: ^3.1.1
    get-caller-file: ^2.0.5
    require-directory: ^2.1.1
    string-width: ^4.2.3
    y18n: ^5.0.5
    yargs-parser: ^21.1.1
  checksum: 73b572e863aa4a8cbef323dd911d79d193b772defd5a51aab0aca2d446655216f5002c42c5306033968193bdbf892a7a4c110b0d77954a7fdf563e653967b56a
  languageName: node
  linkType: hard

"yoctocolors-cjs@npm:^2.1.2":
  version: 2.1.2
  resolution: "yoctocolors-cjs@npm:2.1.2"
  checksum: 1c474d4b30a8c130e679279c5c2c33a0d48eba9684ffa0252cc64846c121fb56c3f25457fef902edbe1e2d7a7872130073a9fc8e795299d75e13fa3f5f548f1b
  languageName: node
  linkType: hard
